# THIS IS AN AUTOGENERATED FILE. DO NOT EDIT THIS FILE DIRECTLY.
# yarn lockfile v1


"@types/crypto-js@^4.1.0":
  version "4.1.0"
  resolved "https://registry.yarnpkg.com/@types/crypto-js/-/crypto-js-4.1.0.tgz#09ba1b49bcce62c9a8e6d5e50a3364aa98975578"
  integrity sha512-DCFfy/vh2lG6qHSGezQ+Sn2Ulf/1Mx51dqOdmOKyW5nMK3maLlxeS3onC7r212OnBM2pBR95HkAmAjjF08YkxQ==

"@types/node@^17.0.14":
  version "17.0.14"
  resolved "https://registry.yarnpkg.com/@types/node/-/node-17.0.14.tgz#33b9b94f789a8fedd30a68efdbca4dbb06b61f20"
  integrity sha512-SbjLmERksKOGzWzPNuW7fJM7fk3YXVTFiZWB/Hs99gwhk+/dnrQRPBQjPW9aO+fi1tAffi9PrwFvsmOKmDTyng==

crypto-js@^4.1.1:
  version "4.1.1"
  resolved "https://registry.yarnpkg.com/crypto-js/-/crypto-js-4.1.1.tgz#9e485bcf03521041bd85844786b83fb7619736cf"
  integrity sha512-o2JlM7ydqd3Qk9CA0L4NL6mTzU2sdx96a+oOfPu8Mkl/PK51vSyoi8/rQ8NknZtk44vq15lmhAj9CIAGwgeWKw==

jscrypto@^1.0.3:
  version "1.0.3"
  resolved "https://registry.yarnpkg.com/jscrypto/-/jscrypto-1.0.3.tgz#598febca2a939d6f679c54f56e1fe364cef30cc9"
  integrity sha512-lryZl0flhodv4SZHOqyb1bx5sKcJxj0VBo0Kzb4QMAg3L021IC9uGpl0RCZa+9KJwlRGSK2C80ITcwbe19OKLQ==

tsc@^2.0.4:
  version "2.0.4"
  resolved "https://registry.yarnpkg.com/tsc/-/tsc-2.0.4.tgz#5f6499146abea5dca4420b451fa4f2f9345238f5"
  integrity sha512-fzoSieZI5KKJVBYGvwbVZs/J5za84f2lSTLPYf6AGiIf43tZ3GNrI1QzTLcjtyDDP4aLxd46RTZq1nQxe7+k5Q==

typescript@^4.5.5:
  version "4.5.5"
  resolved "https://registry.yarnpkg.com/typescript/-/typescript-4.5.5.tgz#d8c953832d28924a9e3d37c73d729c846c5896f3"
  integrity sha512-TCTIul70LyWe6IJWT8QSYeA54WQe8EjQFU4wY52Fasj5UKx88LNYKCgBEHcOMOrFF1rKGbD8v/xcNWVUq9SymA==
